
Microsoft Visual Studio Solution File, Format Version 12.00
# Visual Studio Version 17
VisualStudioVersion = 17.9.34723.18
MinimumVisualStudioVersion = 10.0.40219.1
Project("{9A19103F-16F7-4668-BE54-9A1E7A4F7556}") = "CleanBusMediator", "CleanBus\CleanBusMediator.csproj", "{530515C1-63E9-483C-9902-510233A12AB2}"
EndProject
Global
	GlobalSection(SolutionConfigurationPlatforms) = preSolution
		Debug|Any CPU = Debug|Any CPU
		Release|Any CPU = Release|Any CPU
	EndGlobalSection
	GlobalSection(ProjectConfigurationPlatforms) = postSolution
		{530515C1-63E9-483C-9902-510233A12AB2}.Debug|Any CPU.ActiveCfg = Debug|Any CPU
		{530515C1-63E9-483C-9902-510233A12AB2}.Debug|Any CPU.Build.0 = Debug|Any CPU
		{530515C1-63E9-483C-9902-510233A12AB2}.Release|Any CPU.ActiveCfg = Release|Any CPU
		{530515C1-63E9-483C-9902-510233A12AB2}.Release|Any CPU.Build.0 = Release|Any CPU
	EndGlobalSection
	GlobalSection(SolutionProperties) = preSolution
		HideSolutionNode = FALSE
	EndGlobalSection
	GlobalSection(ExtensibilityGlobals) = postSolution
		SolutionGuid = {20A1B5FD-CD03-465A-8260-E6DC5EF54B75}
	EndGlobalSection
EndGlobal
